PODS:
  - Capacitor (1.0.0-beta.18):
    - CapacitorCordova (= 1.0.0-beta.18)
  - CapacitorCordova (1.0.0-beta.18)

DEPENDENCIES:
  - "Capacitor (from `../../node_modules/@capacitor/ios`)"
  - "CapacitorCordova (from `../../node_modules/@capacitor/ios`)"

EXTERNAL SOURCES:
  Capacitor:
    :path: "../../node_modules/@capacitor/ios"
  CapacitorCordova:
    :path: "../../node_modules/@capacitor/ios"

SPEC CHECKSUMS:
  Capacitor: 5d4ecb0db6599d1dacb53f56aa28a4597078e52f
  CapacitorCordova: 1708247514cd1c2e0ad578d9248bb50a1252f71f

PODFILE CHECKSUM: 15e70bb71fc6b0da4e2d94d4b8f02e6bbc0472c6

COCOAPODS: 1.6.0
